
Microsoft Visual Studio Solution File, Format Version 12.00
# Visual Studio 2013
VisualStudioVersion = 12.0.31101.0
MinimumVisualStudioVersion = 10.0.40219.1
Project("{2150E333-8FDC-42A3-9474-1A3956D46DE8}") = "Solution Items", "Solution Items", "{52516DC8-DC0B-4EC3-A9EB-E5C7724657DB}"
	ProjectSection(SolutionItems) = preProject
		_config.yml = _config.yml
		CNAME = CNAME
		defaultsite = defaultsite
		assets\css\ie9.css = assets\css\ie9.css
		index.html = index.html
		LICENSE.txt = LICENSE.txt
		assets\css\lightbox.css = assets\css\lightbox.css
		assets\css\main.css = assets\css\main.css
		onecolumn.html = onecolumn.html
		params.json = params.json
		privacy.html = privacy.html
		README.md = README.md
		README.txt = README.txt
		assets\css\responsiveslides.css = assets\css\responsiveslides.css
		assets\css\screen.css = assets\css\screen.css
		support.html = support.html
		threecolumn.html = threecolumn.html
		twocolumn1.html = twocolumn1.html
		twocolumn2.html = twocolumn2.html
	EndProjectSection
EndProject
Global
	GlobalSection(SolutionProperties) = preSolution
		HideSolutionNode = FALSE
	EndGlobalSection
EndGlobal
